#MicroXplorer Configuration settings - do not modify
CAD.formats=
CAD.pinconfig=
CAD.provider=
ETH.IPParameters=MediaInterface,MACAddr,RxMode
ETH.MACAddr=00\:08\:DC\:00\:00\:00
ETH.MediaInterface=HAL_ETH_RMII_MODE
ETH.RxMode=ETH_RXINTERRUPT_MODE
File.Version=6
GPIO.groupedBy=Group By Peripherals
KeepUserPlacement=false
Mcu.CPN=STM32F407VET6
Mcu.Family=STM32F4
Mcu.IP0=ETH
Mcu.IP1=NVIC
Mcu.IP2=RCC
Mcu.IP3=SDIO
Mcu.IP4=SPI1
Mcu.IP5=SYS
Mcu.IPNb=6
Mcu.Name=STM32F407V(E-G)Tx
Mcu.Package=LQFP100
Mcu.Pin0=PC14-OSC32_IN
Mcu.Pin1=PC15-OSC32_OUT
Mcu.Pin10=PB11
Mcu.Pin11=PB12
Mcu.Pin12=PB13
Mcu.Pin13=PC8
Mcu.Pin14=PC9
Mcu.Pin15=PA13
Mcu.Pin16=PA14
Mcu.Pin17=PA15
Mcu.Pin18=PC10
Mcu.Pin19=PC11
Mcu.Pin2=PH0-OSC_IN
Mcu.Pin20=PC12
Mcu.Pin21=PD2
Mcu.Pin22=PB3
Mcu.Pin23=PB4
Mcu.Pin24=PB5
Mcu.Pin25=PB6
Mcu.Pin26=VP_SYS_VS_tim14
Mcu.Pin27=VP_STMicroelectronics.X-CUBE-AZRTOS-F4_VS_RTOSJjThreadX_6.1.10_1.1.0
Mcu.Pin28=VP_STMicroelectronics.X-CUBE-AZRTOS-F4_VS_FileOoSystemJjFileX_6.1.10_1.1.0
Mcu.Pin29=VP_STMicroelectronics.X-CUBE-AZRTOS-F4_VS_FileOoSystemJjLevelX_6.1.10_1.1.0
Mcu.Pin3=PH1-OSC_OUT
Mcu.Pin30=VP_STMicroelectronics.X-CUBE-AZRTOS-F4_VS_FileOoSystemJjInterfaces_2.1.0_1.1.0
Mcu.Pin31=VP_STMicroelectronics.X-CUBE-AZRTOS-F4_VS_NetworkJjNetXDuo_6.1.10_1.1.0
Mcu.Pin32=VP_STMicroelectronics.X-CUBE-AZRTOS-F4_VS_NetworkJjInterfaces_2.1.0_1.1.0
Mcu.Pin33=VP_STMicroelectronics.X-CUBE-AZRTOS-F4_VS_BoardOoPartJjSTM32CubeIiBSPIiComponents_1.1.0_1.1.0
Mcu.Pin4=PC1
Mcu.Pin5=PA1
Mcu.Pin6=PA2
Mcu.Pin7=PA7
Mcu.Pin8=PC4
Mcu.Pin9=PC5
Mcu.PinsNb=34
Mcu.ThirdParty0=STMicroelectronics.X-CUBE-AZRTOS-F4.1.1.0
Mcu.ThirdPartyNb=1
Mcu.UserConstants=
Mcu.UserName=STM32F407VETx
MxCube.Version=6.15.0
MxDb.Version=DB.6.0.150
NVIC.BusFault_IRQn=true\:0\:0\:false\:false\:true\:false\:false\:false\:false
NVIC.DebugMonitor_IRQn=true\:0\:0\:false\:false\:true\:false\:false\:false\:false
NVIC.ETH_IRQn=true\:0\:0\:false\:false\:true\:false\:false\:true\:true
NVIC.ForceEnableDMAVector=true
NVIC.HardFault_IRQn=true\:0\:0\:false\:false\:true\:false\:false\:false\:false
NVIC.MemoryManagement_IRQn=true\:0\:0\:false\:false\:true\:false\:false\:false\:false
NVIC.NonMaskableInt_IRQn=true\:0\:0\:false\:false\:true\:false\:false\:false\:false
NVIC.PendSV_IRQn=true\:0\:0\:false\:false\:false\:false\:false\:false\:false
NVIC.PriorityGroup=NVIC_PRIORITYGROUP_4
NVIC.SVCall_IRQn=true\:0\:0\:false\:false\:false\:false\:false\:false\:false
NVIC.SavedPendsvIrqHandlerGenerated=true
NVIC.SavedSvcallIrqHandlerGenerated=true
NVIC.SavedSystickIrqHandlerGenerated=true
NVIC.SysTick_IRQn=true\:0\:0\:false\:false\:false\:false\:false\:true\:false
NVIC.TIM8_TRG_COM_TIM14_IRQn=true\:15\:0\:false\:false\:true\:false\:false\:true\:true
NVIC.TimeBase=TIM8_TRG_COM_TIM14_IRQn
NVIC.TimeBaseIP=TIM14
NVIC.UsageFault_IRQn=true\:0\:0\:false\:false\:true\:false\:false\:false\:false
PA1.Mode=RMII
PA1.Signal=ETH_REF_CLK
PA13.Mode=Serial_Wire
PA13.Signal=SYS_JTMS-SWDIO
PA14.Mode=Serial_Wire
PA14.Signal=SYS_JTCK-SWCLK
PA15.GPIOParameters=PinState
PA15.Locked=true
PA15.PinState=GPIO_PIN_SET
PA15.Signal=GPIO_Output
PA2.Mode=RMII
PA2.Signal=ETH_MDIO
PA7.Mode=RMII
PA7.Signal=ETH_CRS_DV
PB11.Mode=RMII
PB11.Signal=ETH_TX_EN
PB12.Mode=RMII
PB12.Signal=ETH_TXD0
PB13.Mode=RMII
PB13.Signal=ETH_TXD1
PB3.Locked=true
PB3.Mode=Full_Duplex_Master
PB3.Signal=SPI1_SCK
PB4.Locked=true
PB4.Mode=Full_Duplex_Master
PB4.Signal=SPI1_MISO
PB5.Locked=true
PB5.Mode=Full_Duplex_Master
PB5.Signal=SPI1_MOSI
PB6.GPIOParameters=PinState
PB6.Locked=true
PB6.PinState=GPIO_PIN_SET
PB6.Signal=GPIO_Output
PC1.Mode=RMII
PC1.Signal=ETH_MDC
PC10.GPIOParameters=GPIO_PuPd
PC10.GPIO_PuPd=GPIO_PULLUP
PC10.Mode=SD_4_bits_Wide_bus
PC10.Signal=SDIO_D2
PC11.GPIOParameters=GPIO_PuPd
PC11.GPIO_PuPd=GPIO_PULLUP
PC11.Mode=SD_4_bits_Wide_bus
PC11.Signal=SDIO_D3
PC12.Mode=SD_4_bits_Wide_bus
PC12.Signal=SDIO_CK
PC14-OSC32_IN.Mode=LSE-External-Oscillator
PC14-OSC32_IN.Signal=RCC_OSC32_IN
PC15-OSC32_OUT.Mode=LSE-External-Oscillator
PC15-OSC32_OUT.Signal=RCC_OSC32_OUT
PC4.Mode=RMII
PC4.Signal=ETH_RXD0
PC5.Mode=RMII
PC5.Signal=ETH_RXD1
PC8.GPIOParameters=GPIO_PuPd
PC8.GPIO_PuPd=GPIO_PULLUP
PC8.Mode=SD_4_bits_Wide_bus
PC8.Signal=SDIO_D0
PC9.GPIOParameters=GPIO_PuPd
PC9.GPIO_PuPd=GPIO_PULLUP
PC9.Mode=SD_4_bits_Wide_bus
PC9.Signal=SDIO_D1
PD2.GPIOParameters=GPIO_PuPd
PD2.GPIO_PuPd=GPIO_PULLUP
PD2.Mode=SD_4_bits_Wide_bus
PD2.Signal=SDIO_CMD
PH0-OSC_IN.Locked=true
PH0-OSC_IN.Mode=HSE-External-Oscillator
PH0-OSC_IN.Signal=RCC_OSC_IN
PH1-OSC_OUT.Mode=HSE-External-Oscillator
PH1-OSC_OUT.Signal=RCC_OSC_OUT
PinOutPanel.RotationAngle=0
ProjectManager.AskForMigrate=true
ProjectManager.BackupPrevious=false
ProjectManager.CompilerLinker=GCC
ProjectManager.CompilerOptimize=6
ProjectManager.ComputerToolchain=false
ProjectManager.CoupleFile=true
ProjectManager.CustomerFirmwarePackage=
ProjectManager.DefaultFWLocation=true
ProjectManager.DeletePrevious=true
ProjectManager.DeviceId=STM32F407VETx
ProjectManager.FirmwarePackage=STM32Cube FW_F4 V1.28.2
ProjectManager.FreePins=true
ProjectManager.HalAssertFull=true
ProjectManager.HeapSize=0x2000
ProjectManager.KeepUserCode=true
ProjectManager.LastFirmware=true
ProjectManager.LibraryCopy=1
ProjectManager.MainLocation=Core/Src
ProjectManager.NoMain=false
ProjectManager.PreviousToolchain=STM32CubeIDE
ProjectManager.ProjectBuild=false
ProjectManager.ProjectFileName=iot-threadx.ioc
ProjectManager.ProjectName=iot-threadx
ProjectManager.ProjectStructure=
ProjectManager.RegisterCallBack=
ProjectManager.StackSize=0x4000
ProjectManager.TargetToolchain=CMake
ProjectManager.ToolChainLocation=
ProjectManager.UAScriptAfterPath=
ProjectManager.UAScriptBeforePath=
ProjectManager.UnderRoot=false
ProjectManager.functionlistsort=1-SystemClock_Config-RCC-false-HAL-false,2-MX_GPIO_Init-GPIO-false-HAL-true,3-MX_SPI1_Init-SPI1-false-HAL-true,4-MX_ETH_Init-ETH-false-HAL-true,5-MX_SDIO_SD_Init-SDIO-false-HAL-true
RCC.48MHZClocksFreq_Value=48000000
RCC.AHBCLKDivider=RCC_SYSCLK_DIV2
RCC.AHBFreq_Value=84000000
RCC.APB1CLKDivider=RCC_HCLK_DIV4
RCC.APB1Freq_Value=21000000
RCC.APB1TimFreq_Value=42000000
RCC.APB2CLKDivider=RCC_HCLK_DIV2
RCC.APB2Freq_Value=42000000
RCC.APB2TimFreq_Value=84000000
RCC.CortexFreq_Value=84000000
RCC.EthernetFreq_Value=84000000
RCC.FCLKCortexFreq_Value=84000000
RCC.FamilyName=M
RCC.HCLKFreq_Value=84000000
RCC.HSE_VALUE=25000000
RCC.HSI_VALUE=16000000
RCC.I2SClocksFreq_Value=96000000
RCC.IPParameters=48MHZClocksFreq_Value,AHBCLKDivider,AHBFreq_Value,APB1CLKDivider,APB1Freq_Value,APB1TimFreq_Value,APB2CLKDivider,APB2Freq_Value,APB2TimFreq_Value,CortexFreq_Value,EthernetFreq_Value,FCLKCortexFreq_Value,FamilyName,HCLKFreq_Value,HSE_VALUE,HSI_VALUE,I2SClocksFreq_Value,LSI_VALUE,MCO2PinFreq_Value,PLLCLKFreq_Value,PLLM,PLLN,PLLQ,PLLQCLKFreq_Value,PLLSourceVirtual,RCC_RTC_Clock_Source,RCC_RTC_Clock_SourceVirtual,RTCFreq_Value,RTCHSEDivFreq_Value,SYSCLKFreq_VALUE,SYSCLKSource,VCOI2SOutputFreq_Value,VCOInputFreq_Value,VCOOutputFreq_Value,VcooutputI2S
RCC.LSI_VALUE=32000
RCC.MCO2PinFreq_Value=168000000
RCC.PLLCLKFreq_Value=168000000
RCC.PLLM=25
RCC.PLLN=336
RCC.PLLQ=7
RCC.PLLQCLKFreq_Value=48000000
RCC.PLLSourceVirtual=RCC_PLLSOURCE_HSE
RCC.RCC_RTC_Clock_Source=RCC_RTCCLKSOURCE_LSE
RCC.RCC_RTC_Clock_SourceVirtual=RCC_RTCCLKSOURCE_LSE
RCC.RTCFreq_Value=32768
RCC.RTCHSEDivFreq_Value=12500000
RCC.SYSCLKFreq_VALUE=168000000
RCC.SYSCLKSource=RCC_SYSCLKSOURCE_PLLCLK
RCC.VCOI2SOutputFreq_Value=192000000
RCC.VCOInputFreq_Value=1000000
RCC.VCOOutputFreq_Value=336000000
RCC.VcooutputI2S=96000000
SDIO.ClockDiv=0
SDIO.IPParameters=ClockDiv
SPI1.CalculateBaudRate=21.0 MBits/s
SPI1.Direction=SPI_DIRECTION_2LINES
SPI1.IPParameters=VirtualType,Mode,Direction,CalculateBaudRate
SPI1.Mode=SPI_MODE_MASTER
SPI1.VirtualType=VM_MASTER
STMicroelectronics.X-CUBE-AZRTOS-F4.1.1.0.BoardOoPartJjSTM32CubeIiBSPIiComponents_Checked=true
STMicroelectronics.X-CUBE-AZRTOS-F4.1.1.0.FileOoSystemJjFileX_Checked=true
STMicroelectronics.X-CUBE-AZRTOS-F4.1.1.0.FileOoSystemJjInterfaces_Checked=true
STMicroelectronics.X-CUBE-AZRTOS-F4.1.1.0.FileOoSystemJjLevelX_Checked=true
STMicroelectronics.X-CUBE-AZRTOS-F4.1.1.0.FileXCcFileOoSystemJjFileXJjCore=true
STMicroelectronics.X-CUBE-AZRTOS-F4.1.1.0.FileXCcFileOoSystemJjFileXJjTraceXOoSupport=true
STMicroelectronics.X-CUBE-AZRTOS-F4.1.1.0.IPParameters=NX_ENABLE_INTERFACE_CAPABILITY,ThreadXCcRTOSJjThreadXJjCore,ThreadXCcRTOSJjThreadXJjLowOoPowerOosupport,ThreadXCcRTOSJjThreadXJjTraceXOosupport,ThreadXCcRTOSJjThreadXJjPerformanceInfo,NetXDuoCcNetworkJjNetXDuoJjTraceXOoSupport,NetXDuoCcNetworkJjNetXDuoJjCrypto,NetXDuoCcNetworkJjNetXDuoJjAddonsOomDNS,NetXDuoCcNetworkJjNetXDuoJjNXOoCore,NetXDuoCcNetworkJjNetXDuoJjAddonsOoDNS,NetXDuoCcNetworkJjNetXDuoJjTLS,NetXDuoCcNetworkJjNetXDuoJjAddonsOoWebOoServer,NetXDuoCcNetworkJjNetXDuoJjAddonsOoMQTT,NetXDuoCcNetworkJjNetXDuoJjAddonsOoSNTP,NetXDuoCcNetworkJjNetXDuoJjAddonsOoAutoIP,NetXDuoCcNetworkJjNetXDuoJjAddonsOoCloud,NetXDuoCcNetworkJjNetXDuoJjAddonsOoDHCPOoClient,NetXDuoCcNetworkJjNetXDuoJjAddonsOoPPP,STM32CubeIiBSPIiComponentsCcBoardOoPartJjETHPhyJjLAN8742,InterfacesCcFileOoSystemJjFileXOoInternalOoRAMOointerface,InterfacesCcFileOoSystemJjFileXOoLevelXOoNANDOointerface,InterfacesCcFileOoSystemJjFileXOoSDOointerface,FileXCcFileOoSystemJjFileXJjCore,InterfacesCcFileOoSystemJjFileXOoCustomOointerface,InterfacesCcFileOoSystemJjFileXOoLevelXOoNOROoOointerface,FileXCcFileOoSystemJjFileXJjTraceXOoSupport,LevelXCcFileOoSystemJjLevelXJjNANDOoFlashOoSupport,InterfacesCcFileOoSystemJjLevelXOoNANDOocustomOointerface,LevelXCcFileOoSystemJjLevelXJjNOROoFlashOoSupport,InterfacesCcFileOoSystemJjLevelXOoNOROocustomOointerface,InterfacesCcFileOoSystemJjLevelXOoNOROoSimulatorOointerface,InterfacesCcFileOoSystemJjLevelXOoNANDOoSimulatorOointerface,InterfacesCcNetworkJjCustomOoInterface,InterfacesCcNetworkJjEthernetOoInterface,InterfacesCcNetworkJjEthernetOoPhyOoInterface
STMicroelectronics.X-CUBE-AZRTOS-F4.1.1.0.InterfacesCcFileOoSystemJjFileXOoCustomOointerface=true
STMicroelectronics.X-CUBE-AZRTOS-F4.1.1.0.InterfacesCcFileOoSystemJjFileXOoInternalOoRAMOointerface=true
STMicroelectronics.X-CUBE-AZRTOS-F4.1.1.0.InterfacesCcFileOoSystemJjFileXOoLevelXOoNANDOointerface=true
STMicroelectronics.X-CUBE-AZRTOS-F4.1.1.0.InterfacesCcFileOoSystemJjFileXOoLevelXOoNOROoOointerface=true
STMicroelectronics.X-CUBE-AZRTOS-F4.1.1.0.InterfacesCcFileOoSystemJjFileXOoSDOointerface=true
STMicroelectronics.X-CUBE-AZRTOS-F4.1.1.0.InterfacesCcFileOoSystemJjLevelXOoNANDOoSimulatorOointerface=true
STMicroelectronics.X-CUBE-AZRTOS-F4.1.1.0.InterfacesCcFileOoSystemJjLevelXOoNANDOocustomOointerface=true
STMicroelectronics.X-CUBE-AZRTOS-F4.1.1.0.InterfacesCcFileOoSystemJjLevelXOoNOROoSimulatorOointerface=true
STMicroelectronics.X-CUBE-AZRTOS-F4.1.1.0.InterfacesCcFileOoSystemJjLevelXOoNOROocustomOointerface=true
STMicroelectronics.X-CUBE-AZRTOS-F4.1.1.0.InterfacesCcNetworkJjCustomOoInterface=true
STMicroelectronics.X-CUBE-AZRTOS-F4.1.1.0.InterfacesCcNetworkJjEthernetOoInterface=true
STMicroelectronics.X-CUBE-AZRTOS-F4.1.1.0.InterfacesCcNetworkJjEthernetOoPhyOoInterface=LAN8742IiPhyIiInterface
STMicroelectronics.X-CUBE-AZRTOS-F4.1.1.0.LevelXCcFileOoSystemJjLevelXJjNANDOoFlashOoSupport=true
STMicroelectronics.X-CUBE-AZRTOS-F4.1.1.0.LevelXCcFileOoSystemJjLevelXJjNOROoFlashOoSupport=true
STMicroelectronics.X-CUBE-AZRTOS-F4.1.1.0.NX_ENABLE_INTERFACE_CAPABILITY=false
STMicroelectronics.X-CUBE-AZRTOS-F4.1.1.0.NetXDuoCcNetworkJjNetXDuoJjAddonsOoAutoIP=true
STMicroelectronics.X-CUBE-AZRTOS-F4.1.1.0.NetXDuoCcNetworkJjNetXDuoJjAddonsOoCloud=true
STMicroelectronics.X-CUBE-AZRTOS-F4.1.1.0.NetXDuoCcNetworkJjNetXDuoJjAddonsOoDHCPOoClient=true
STMicroelectronics.X-CUBE-AZRTOS-F4.1.1.0.NetXDuoCcNetworkJjNetXDuoJjAddonsOoDNS=true
STMicroelectronics.X-CUBE-AZRTOS-F4.1.1.0.NetXDuoCcNetworkJjNetXDuoJjAddonsOoMQTT=true
STMicroelectronics.X-CUBE-AZRTOS-F4.1.1.0.NetXDuoCcNetworkJjNetXDuoJjAddonsOoPPP=true
STMicroelectronics.X-CUBE-AZRTOS-F4.1.1.0.NetXDuoCcNetworkJjNetXDuoJjAddonsOoSNTP=true
STMicroelectronics.X-CUBE-AZRTOS-F4.1.1.0.NetXDuoCcNetworkJjNetXDuoJjAddonsOoWebOoServer=true
STMicroelectronics.X-CUBE-AZRTOS-F4.1.1.0.NetXDuoCcNetworkJjNetXDuoJjAddonsOomDNS=true
STMicroelectronics.X-CUBE-AZRTOS-F4.1.1.0.NetXDuoCcNetworkJjNetXDuoJjCrypto=true
STMicroelectronics.X-CUBE-AZRTOS-F4.1.1.0.NetXDuoCcNetworkJjNetXDuoJjNXOoCore=true
STMicroelectronics.X-CUBE-AZRTOS-F4.1.1.0.NetXDuoCcNetworkJjNetXDuoJjTLS=true
STMicroelectronics.X-CUBE-AZRTOS-F4.1.1.0.NetXDuoCcNetworkJjNetXDuoJjTraceXOoSupport=true
STMicroelectronics.X-CUBE-AZRTOS-F4.1.1.0.NetworkJjInterfaces_Checked=true
STMicroelectronics.X-CUBE-AZRTOS-F4.1.1.0.NetworkJjNetXDuo_Checked=true
STMicroelectronics.X-CUBE-AZRTOS-F4.1.1.0.RTOSJjThreadX_Checked=true
STMicroelectronics.X-CUBE-AZRTOS-F4.1.1.0.STM32CubeIiBSPIiComponentsCcBoardOoPartJjETHPhyJjLAN8742=true
STMicroelectronics.X-CUBE-AZRTOS-F4.1.1.0.ThreadXCcRTOSJjThreadXJjCore=true
STMicroelectronics.X-CUBE-AZRTOS-F4.1.1.0.ThreadXCcRTOSJjThreadXJjLowOoPowerOosupport=true
STMicroelectronics.X-CUBE-AZRTOS-F4.1.1.0.ThreadXCcRTOSJjThreadXJjPerformanceInfo=true
STMicroelectronics.X-CUBE-AZRTOS-F4.1.1.0.ThreadXCcRTOSJjThreadXJjTraceXOosupport=true
STMicroelectronics.X-CUBE-AZRTOS-F4.1.1.0_IsAnAzureRtosMw=true
STMicroelectronics.X-CUBE-AZRTOS-F4.1.1.0_SwParameter=LevelXCcFileOoSystemJjLevelXJjNANDOoFlashOoSupport\:true;NetXDuoCcNetworkJjNetXDuoJjTraceXOoSupport\:true;NetXDuoCcNetworkJjNetXDuoJjCrypto\:true;NetXDuoCcNetworkJjNetXDuoJjAddonsOomDNS\:true;NetXDuoCcNetworkJjNetXDuoJjNXOoCore\:true;NetXDuoCcNetworkJjNetXDuoJjAddonsOoDNS\:true;InterfacesCcNetworkJjCustomOoInterface\:true;ThreadXCcRTOSJjThreadXJjCore\:true;NetXDuoCcNetworkJjNetXDuoJjTLS\:true;InterfacesCcFileOoSystemJjLevelXOoNANDOocustomOointerface\:true;InterfacesCcFileOoSystemJjFileXOoInternalOoRAMOointerface\:true;InterfacesCcFileOoSystemJjFileXOoLevelXOoNANDOointerface\:true;InterfacesCcNetworkJjEthernetOoInterface\:true;NetXDuoCcNetworkJjNetXDuoJjAddonsOoWebOoServer\:true;NetXDuoCcNetworkJjNetXDuoJjAddonsOoMQTT\:true;NetXDuoCcNetworkJjNetXDuoJjAddonsOoSNTP\:true;LevelXCcFileOoSystemJjLevelXJjNOROoFlashOoSupport\:true;InterfacesCcFileOoSystemJjFileXOoSDOointerface\:true;NetXDuoCcNetworkJjNetXDuoJjAddonsOoAutoIP\:true;ThreadXCcRTOSJjThreadXJjLowOoPowerOosupport\:true;ThreadXCcRTOSJjThreadXJjTraceXOosupport\:true;FileXCcFileOoSystemJjFileXJjCore\:true;InterfacesCcFileOoSystemJjLevelXOoNOROocustomOointerface\:true;InterfacesCcFileOoSystemJjFileXOoCustomOointerface\:true;InterfacesCcFileOoSystemJjLevelXOoNOROoSimulatorOointerface\:true;NetXDuoCcNetworkJjNetXDuoJjAddonsOoCloud\:true;InterfacesCcFileOoSystemJjFileXOoLevelXOoNOROoOointerface\:true;FileXCcFileOoSystemJjFileXJjTraceXOoSupport\:true;NetXDuoCcNetworkJjNetXDuoJjAddonsOoDHCPOoClient\:true;ThreadXCcRTOSJjThreadXJjPerformanceInfo\:true;InterfacesCcFileOoSystemJjLevelXOoNANDOoSimulatorOointerface\:true;STM32CubeIiBSPIiComponentsCcBoardOoPartJjETHPhyJjLAN8742\:true;NetXDuoCcNetworkJjNetXDuoJjAddonsOoPPP\:true;InterfacesCcNetworkJjEthernetOoPhyOoInterface\:LAN8742IiPhyIiInterface;
VP_STMicroelectronics.X-CUBE-AZRTOS-F4_VS_BoardOoPartJjSTM32CubeIiBSPIiComponents_1.1.0_1.1.0.Mode=BoardOoPartJjSTM32CubeIiBSPIiComponents
VP_STMicroelectronics.X-CUBE-AZRTOS-F4_VS_BoardOoPartJjSTM32CubeIiBSPIiComponents_1.1.0_1.1.0.Signal=STMicroelectronics.X-CUBE-AZRTOS-F4_VS_BoardOoPartJjSTM32CubeIiBSPIiComponents_1.1.0_1.1.0
VP_STMicroelectronics.X-CUBE-AZRTOS-F4_VS_FileOoSystemJjFileX_6.1.10_1.1.0.Mode=FileOoSystemJjFileX
VP_STMicroelectronics.X-CUBE-AZRTOS-F4_VS_FileOoSystemJjFileX_6.1.10_1.1.0.Signal=STMicroelectronics.X-CUBE-AZRTOS-F4_VS_FileOoSystemJjFileX_6.1.10_1.1.0
VP_STMicroelectronics.X-CUBE-AZRTOS-F4_VS_FileOoSystemJjInterfaces_2.1.0_1.1.0.Mode=FileOoSystemJjInterfaces
VP_STMicroelectronics.X-CUBE-AZRTOS-F4_VS_FileOoSystemJjInterfaces_2.1.0_1.1.0.Signal=STMicroelectronics.X-CUBE-AZRTOS-F4_VS_FileOoSystemJjInterfaces_2.1.0_1.1.0
VP_STMicroelectronics.X-CUBE-AZRTOS-F4_VS_FileOoSystemJjLevelX_6.1.10_1.1.0.Mode=FileOoSystemJjLevelX
VP_STMicroelectronics.X-CUBE-AZRTOS-F4_VS_FileOoSystemJjLevelX_6.1.10_1.1.0.Signal=STMicroelectronics.X-CUBE-AZRTOS-F4_VS_FileOoSystemJjLevelX_6.1.10_1.1.0
VP_STMicroelectronics.X-CUBE-AZRTOS-F4_VS_NetworkJjInterfaces_2.1.0_1.1.0.Mode=NetworkJjInterfaces
VP_STMicroelectronics.X-CUBE-AZRTOS-F4_VS_NetworkJjInterfaces_2.1.0_1.1.0.Signal=STMicroelectronics.X-CUBE-AZRTOS-F4_VS_NetworkJjInterfaces_2.1.0_1.1.0
VP_STMicroelectronics.X-CUBE-AZRTOS-F4_VS_NetworkJjNetXDuo_6.1.10_1.1.0.Mode=NetworkJjNetXDuo
VP_STMicroelectronics.X-CUBE-AZRTOS-F4_VS_NetworkJjNetXDuo_6.1.10_1.1.0.Signal=STMicroelectronics.X-CUBE-AZRTOS-F4_VS_NetworkJjNetXDuo_6.1.10_1.1.0
VP_STMicroelectronics.X-CUBE-AZRTOS-F4_VS_RTOSJjThreadX_6.1.10_1.1.0.Mode=RTOSJjThreadX
VP_STMicroelectronics.X-CUBE-AZRTOS-F4_VS_RTOSJjThreadX_6.1.10_1.1.0.Signal=STMicroelectronics.X-CUBE-AZRTOS-F4_VS_RTOSJjThreadX_6.1.10_1.1.0
VP_SYS_VS_tim14.Mode=TIM14
VP_SYS_VS_tim14.Signal=SYS_VS_tim14
board=custom
